// !$*UTF8*$!
{
	archiveVersion = 1;
	classes = {
	};
	objectVersion = 48;
	objects = {

/* Begin PBXBuildFile section */
		0E26493D2137BE2400184237 /* scanner.wav in Resources */ = {isa = PBXBuildFile; fileRef = 0E26493C2137BE2400184237 /* scanner.wav */; };
		0E5D9F8F203E573D00C41291 /* AppDelegate.m in Sources */ = {isa = PBXBuildFile; fileRef = 0E5D9F8E203E573D00C41291 /* AppDelegate.m */; };
		0E5D9F92203E573D00C41291 /* ViewController.m in Sources */ = {isa = PBXBuildFile; fileRef = 0E5D9F91203E573D00C41291 /* ViewController.m */; };
		0E5D9F95203E573D00C41291 /* Main.storyboard in Resources */ = {isa = PBXBuildFile; fileRef = 0E5D9F93203E573D00C41291 /* Main.storyboard */; };
		0E5D9F97203E573D00C41291 /* Assets.xcassets in Resources */ = {isa = PBXBuildFile; fileRef = 0E5D9F96203E573D00C41291 /* Assets.xcassets */; };
		0E5D9F9D203E573D00C41291 /* main.m in Sources */ = {isa = PBXBuildFile; fileRef = 0E5D9F9C203E573D00C41291 /* main.m */; };
		0EAD7BA9203FB386001FA2E1 /* NSArray+UA.m in Sources */ = {isa = PBXBuildFile; fileRef = 0EAD7B89203FB386001FA2E1 /* NSArray+UA.m */; };
		0EAD7BAB203FB386001FA2E1 /* NSDictionary+UA.m in Sources */ = {isa = PBXBuildFile; fileRef = 0EAD7B8C203FB386001FA2E1 /* NSDictionary+UA.m */; };
		0EAD7BAC203FB386001FA2E1 /* NSMutableAttributedString+UA.m in Sources */ = {isa = PBXBuildFile; fileRef = 0EAD7B8D203FB386001FA2E1 /* NSMutableAttributedString+UA.m */; };
		0EAD7BAD203FB386001FA2E1 /* NSString+UA.m in Sources */ = {isa = PBXBuildFile; fileRef = 0EAD7B8E203FB386001FA2E1 /* NSString+UA.m */; };
		0EAD7BAE203FB386001FA2E1 /* NSObject+UA.m in Sources */ = {isa = PBXBuildFile; fileRef = 0EAD7B8F203FB386001FA2E1 /* NSObject+UA.m */; };
		0EAD7BB2203FB386001FA2E1 /* AESCrypt.m in Sources */ = {isa = PBXBuildFile; fileRef = 0EAD7B9C203FB386001FA2E1 /* AESCrypt.m */; };
		0EAD7BB6203FB386001FA2E1 /* UANetworking.m in Sources */ = {isa = PBXBuildFile; fileRef = 0EAD7BA7203FB386001FA2E1 /* UANetworking.m */; };
		0EAD7BCA203FB918001FA2E1 /* UITextField+UA.m in Sources */ = {isa = PBXBuildFile; fileRef = 0EAD7BC0203FB917001FA2E1 /* UITextField+UA.m */; };
		0EAD7BCB203FB918001FA2E1 /* UIAlertView+Block.m in Sources */ = {isa = PBXBuildFile; fileRef = 0EAD7BC1203FB917001FA2E1 /* UIAlertView+Block.m */; };
		0EAD7BCC203FB918001FA2E1 /* UIButton+UA.m in Sources */ = {isa = PBXBuildFile; fileRef = 0EAD7BC2203FB917001FA2E1 /* UIButton+UA.m */; };
		0EAD7BCD203FB918001FA2E1 /* UIActionSheet+Block.m in Sources */ = {isa = PBXBuildFile; fileRef = 0EAD7BC3203FB917001FA2E1 /* UIActionSheet+Block.m */; };
		0EAD7BCE203FB918001FA2E1 /* UILabel+UA.m in Sources */ = {isa = PBXBuildFile; fileRef = 0EAD7BC5203FB917001FA2E1 /* UILabel+UA.m */; };
		0EDAAB13213408410039C83E /* Default-568h@2x.png in Resources */ = {isa = PBXBuildFile; fileRef = 0EDAAB12213408410039C83E /* Default-568h@2x.png */; };
		0EDAAB162134DC380039C83E /* UIImage+UA.m in Sources */ = {isa = PBXBuildFile; fileRef = 0EDAAB152134DC380039C83E /* UIImage+UA.m */; };
		0EDAAB192134DCDB0039C83E /* UIImage+Bitmap.m in Sources */ = {isa = PBXBuildFile; fileRef = 0EDAAB182134DCDB0039C83E /* UIImage+Bitmap.m */; };
		0EDAAB1C2134DF8E0039C83E /* UIImage+GIF.m in Sources */ = {isa = PBXBuildFile; fileRef = 0EDAAB1B2134DF8E0039C83E /* UIImage+GIF.m */; };
		0EDAAB1F2134E1C50039C83E /* UIImage+Orientation.m in Sources */ = {isa = PBXBuildFile; fileRef = 0EDAAB1E2134E1C50039C83E /* UIImage+Orientation.m */; };
		0EDAAB222134E7000039C83E /* UIImageView+Addition.m in Sources */ = {isa = PBXBuildFile; fileRef = 0EDAAB212134E7000039C83E /* UIImageView+Addition.m */; };
		0EDAAB252134E78E0039C83E /* UIImageView+Reflect.m in Sources */ = {isa = PBXBuildFile; fileRef = 0EDAAB242134E78E0039C83E /* UIImageView+Reflect.m */; };
		0EDAAB282134E80F0039C83E /* UILabel+AutoSize.m in Sources */ = {isa = PBXBuildFile; fileRef = 0EDAAB272134E80F0039C83E /* UILabel+AutoSize.m */; };
		0EDAAB2B2134E9050039C83E /* UITextField+InputLimit.m in Sources */ = {isa = PBXBuildFile; fileRef = 0EDAAB2A2134E9050039C83E /* UITextField+InputLimit.m */; };
		0EDAAB2E2134E9810039C83E /* UITextField+Select.m in Sources */ = {isa = PBXBuildFile; fileRef = 0EDAAB2D2134E9810039C83E /* UITextField+Select.m */; };
		0EDAAB312134E9BA0039C83E /* UITextView+InputLimit.m in Sources */ = {isa = PBXBuildFile; fileRef = 0EDAAB302134E9BA0039C83E /* UITextView+InputLimit.m */; };
		0EDAAB342134EA3C0039C83E /* UITextView+Select.m in Sources */ = {isa = PBXBuildFile; fileRef = 0EDAAB332134EA3C0039C83E /* UITextView+Select.m */; };
		0EDAAB372134EB790039C83E /* UIView+Border.m in Sources */ = {isa = PBXBuildFile; fileRef = 0EDAAB362134EB790039C83E /* UIView+Border.m */; };
		0EDAAB3A2134EC170039C83E /* UIView+Find.m in Sources */ = {isa = PBXBuildFile; fileRef = 0EDAAB392134EC170039C83E /* UIView+Find.m */; };
		0EDAAB3D2134ED2A0039C83E /* UIView+Gesture.m in Sources */ = {isa = PBXBuildFile; fileRef = 0EDAAB3C2134ED2A0039C83E /* UIView+Gesture.m */; };
		0EDAAB462134F5230039C83E /* UIView+UA.m in Sources */ = {isa = PBXBuildFile; fileRef = 0EDAAB422134F5220039C83E /* UIView+UA.m */; };
		0EDAAB492134F5C00039C83E /* UIApplication+APNs.m in Sources */ = {isa = PBXBuildFile; fileRef = 0EDAAB482134F5C00039C83E /* UIApplication+APNs.m */; };
		0EDAAB4C2134F60C0039C83E /* UIButton+BackgroundColor.m in Sources */ = {isa = PBXBuildFile; fileRef = 0EDAAB4B2134F60C0039C83E /* UIButton+BackgroundColor.m */; };
		0EDAAB4F2134F7480039C83E /* UIControl+Block.m in Sources */ = {isa = PBXBuildFile; fileRef = 0EDAAB4E2134F7480039C83E /* UIControl+Block.m */; };
		0EDAAB522134FC2E0039C83E /* UIControl+Sound.m in Sources */ = {isa = PBXBuildFile; fileRef = 0EDAAB512134FC2E0039C83E /* UIControl+Sound.m */; };
		0EDAAB5821351F0A0039C83E /* UIDevice+Hardware.m in Sources */ = {isa = PBXBuildFile; fileRef = 0EDAAB5721351F0A0039C83E /* UIDevice+Hardware.m */; };
		0EDAAB5B21351F6F0039C83E /* UIColor+UA.m in Sources */ = {isa = PBXBuildFile; fileRef = 0EDAAB5A21351F6F0039C83E /* UIColor+UA.m */; };
		0EDAAB5E213522840039C83E /* NSObject+AppInfo.m in Sources */ = {isa = PBXBuildFile; fileRef = 0EDAAB5D213522840039C83E /* NSObject+AppInfo.m */; };
		0EDAAB61213522CC0039C83E /* NSObject+Reflection.m in Sources */ = {isa = PBXBuildFile; fileRef = 0EDAAB60213522CC0039C83E /* NSObject+Reflection.m */; };
		0EDAAB64213523AE0039C83E /* NSObject+Runtime.m in Sources */ = {isa = PBXBuildFile; fileRef = 0EDAAB63213523AE0039C83E /* NSObject+Runtime.m */; };
		0EDAAB67213524450039C83E /* NSString+Base64.m in Sources */ = {isa = PBXBuildFile; fileRef = 0EDAAB66213524450039C83E /* NSString+Base64.m */; };
		0EDAAB6A213524850039C83E /* NSData+Base64.m in Sources */ = {isa = PBXBuildFile; fileRef = 0EDAAB69213524850039C83E /* NSData+Base64.m */; };
		0EDAAB6D213524FB0039C83E /* NSString+Contains.m in Sources */ = {isa = PBXBuildFile; fileRef = 0EDAAB6C213524FB0039C83E /* NSString+Contains.m */; };
		0EDAAB70213525430039C83E /* NSString+Dictionary.m in Sources */ = {isa = PBXBuildFile; fileRef = 0EDAAB6F213525430039C83E /* NSString+Dictionary.m */; };
		0EDAAB732135259C0039C83E /* NSString+Emoji.m in Sources */ = {isa = PBXBuildFile; fileRef = 0EDAAB722135259C0039C83E /* NSString+Emoji.m */; };
		0EDAAB76213527730039C83E /* NSString+RegEx.m in Sources */ = {isa = PBXBuildFile; fileRef = 0EDAAB75213527730039C83E /* NSString+RegEx.m */; };
		0EDAAB79213530860039C83E /* NSString+Size.m in Sources */ = {isa = PBXBuildFile; fileRef = 0EDAAB78213530860039C83E /* NSString+Size.m */; };
		0EDAAB7C2135311A0039C83E /* NSString+URLEncode.m in Sources */ = {isa = PBXBuildFile; fileRef = 0EDAAB7B2135311A0039C83E /* NSString+URLEncode.m */; };
		0EDAAB7F2136390E0039C83E /* NSFileManager+Path.m in Sources */ = {isa = PBXBuildFile; fileRef = 0EDAAB7E2136390D0039C83E /* NSFileManager+Path.m */; };
		0EDAAB82213639690039C83E /* NSDictionary+Json.m in Sources */ = {isa = PBXBuildFile; fileRef = 0EDAAB81213639690039C83E /* NSDictionary+Json.m */; };
		0EDAAB85213639960039C83E /* NSDate+Extension.m in Sources */ = {isa = PBXBuildFile; fileRef = 0EDAAB84213639960039C83E /* NSDate+Extension.m */; };
		0EDAAB8821363B1A0039C83E /* NSDictionary+URL.m in Sources */ = {isa = PBXBuildFile; fileRef = 0EDAAB8721363B1A0039C83E /* NSDictionary+URL.m */; };
		0EDAAB8B21363B4E0039C83E /* NSDictionary+SafeAccess.m in Sources */ = {isa = PBXBuildFile; fileRef = 0EDAAB8A21363B4E0039C83E /* NSDictionary+SafeAccess.m */; };
		0EDAAB8E213644940039C83E /* NSData+AES.m in Sources */ = {isa = PBXBuildFile; fileRef = 0EDAAB8D213644940039C83E /* NSData+AES.m */; };
		0EDAAB91213644BE0039C83E /* NSString+AES.m in Sources */ = {isa = PBXBuildFile; fileRef = 0EDAAB90213644BE0039C83E /* NSString+AES.m */; };
		70CE7E24DD29E3047497A3F9 /* libPods-BowenToolDemo.a in Frameworks */ = {isa = PBXBuildFile; fileRef = 63492289F6C1D009673C37A2 /* libPods-BowenToolDemo.a */; };
/* End PBXBuildFile section */

/* Begin PBXFileReference section */
		037930013A2FA5B8E7641854 /* Pods-BowenToolDemo.release.xcconfig */ = {isa = PBXFileReference; includeInIndex = 1; lastKnownFileType = text.xcconfig; name = "Pods-BowenToolDemo.release.xcconfig"; path = "Pods/Target Support Files/Pods-BowenToolDemo/Pods-BowenToolDemo.release.xcconfig"; sourceTree = "<group>"; };
		0E26493C2137BE2400184237 /* scanner.wav */ = {isa = PBXFileReference; lastKnownFileType = audio.wav; path = scanner.wav; sourceTree = "<group>"; };
		0E5D9F8A203E573D00C41291 /* BowenToolDemo.app */ = {isa = PBXFileReference; explicitFileType = wrapper.application; includeInIndex = 0; path = BowenToolDemo.app; sourceTree = BUILT_PRODUCTS_DIR; };
		0E5D9F8D203E573D00C41291 /* AppDelegate.h */ = {isa = PBXFileReference; lastKnownFileType = sourcecode.c.h; path = AppDelegate.h; sourceTree = "<group>"; };
		0E5D9F8E203E573D00C41291 /* AppDelegate.m */ = {isa = PBXFileReference; lastKnownFileType = sourcecode.c.objc; path = AppDelegate.m; sourceTree = "<group>"; };
		0E5D9F90203E573D00C41291 /* ViewController.h */ = {isa = PBXFileReference; lastKnownFileType = sourcecode.c.h; path = ViewController.h; sourceTree = "<group>"; };
		0E5D9F91203E573D00C41291 /* ViewController.m */ = {isa = PBXFileReference; lastKnownFileType = sourcecode.c.objc; path = ViewController.m; sourceTree = "<group>"; };
		0E5D9F94203E573D00C41291 /* Base */ = {isa = PBXFileReference; lastKnownFileType = file.storyboard; name = Base; path = Base.lproj/Main.storyboard; sourceTree = "<group>"; };
		0E5D9F96203E573D00C41291 /* Assets.xcassets */ = {isa = PBXFileReference; lastKnownFileType = folder.assetcatalog; path = Assets.xcassets; sourceTree = "<group>"; };
		0E5D9F9B203E573D00C41291 /* Info.plist */ = {isa = PBXFileReference; lastKnownFileType = text.plist.xml; path = Info.plist; sourceTree = "<group>"; };
		0E5D9F9C203E573D00C41291 /* main.m */ = {isa = PBXFileReference; lastKnownFileType = sourcecode.c.objc; path = main.m; sourceTree = "<group>"; };
		0EAD7B87203FB386001FA2E1 /* NSObject+UA.h */ = {isa = PBXFileReference; fileEncoding = 4; lastKnownFileType = sourcecode.c.h; path = "NSObject+UA.h"; sourceTree = "<group>"; };
		0EAD7B88203FB386001FA2E1 /* NSString+UA.h */ = {isa = PBXFileReference; fileEncoding = 4; lastKnownFileType = sourcecode.c.h; path = "NSString+UA.h"; sourceTree = "<group>"; };
		0EAD7B89203FB386001FA2E1 /* NSArray+UA.m */ = {isa = PBXFileReference; fileEncoding = 4; lastKnownFileType = sourcecode.c.objc; path = "NSArray+UA.m"; sourceTree = "<group>"; };
		0EAD7B8C203FB386001FA2E1 /* NSDictionary+UA.m */ = {isa = PBXFileReference; fileEncoding = 4; lastKnownFileType = sourcecode.c.objc; path = "NSDictionary+UA.m"; sourceTree = "<group>"; };
		0EAD7B8D203FB386001FA2E1 /* NSMutableAttributedString+UA.m */ = {isa = PBXFileReference; fileEncoding = 4; lastKnownFileType = sourcecode.c.objc; path = "NSMutableAttributedString+UA.m"; sourceTree = "<group>"; };
		0EAD7B8E203FB386001FA2E1 /* NSString+UA.m */ = {isa = PBXFileReference; fileEncoding = 4; lastKnownFileType = sourcecode.c.objc; path = "NSString+UA.m"; sourceTree = "<group>"; };
		0EAD7B8F203FB386001FA2E1 /* NSObject+UA.m */ = {isa = PBXFileReference; fileEncoding = 4; lastKnownFileType = sourcecode.c.objc; path = "NSObject+UA.m"; sourceTree = "<group>"; };
		0EAD7B90203FB386001FA2E1 /* NSMutableAttributedString+UA.h */ = {isa = PBXFileReference; fileEncoding = 4; lastKnownFileType = sourcecode.c.h; path = "NSMutableAttributedString+UA.h"; sourceTree = "<group>"; };
		0EAD7B91203FB386001FA2E1 /* NSDictionary+UA.h */ = {isa = PBXFileReference; fileEncoding = 4; lastKnownFileType = sourcecode.c.h; path = "NSDictionary+UA.h"; sourceTree = "<group>"; };
		0EAD7B95203FB386001FA2E1 /* NSArray+UA.h */ = {isa = PBXFileReference; fileEncoding = 4; lastKnownFileType = sourcecode.c.h; path = "NSArray+UA.h"; sourceTree = "<group>"; };
		0EAD7B9C203FB386001FA2E1 /* AESCrypt.m */ = {isa = PBXFileReference; fileEncoding = 4; lastKnownFileType = sourcecode.c.objc; path = AESCrypt.m; sourceTree = "<group>"; };
		0EAD7BA1203FB386001FA2E1 /* AESCrypt.h */ = {isa = PBXFileReference; fileEncoding = 4; lastKnownFileType = sourcecode.c.h; path = AESCrypt.h; sourceTree = "<group>"; };
		0EAD7BA6203FB386001FA2E1 /* UANetworking.h */ = {isa = PBXFileReference; fileEncoding = 4; lastKnownFileType = sourcecode.c.h; path = UANetworking.h; sourceTree = "<group>"; };
		0EAD7BA7203FB386001FA2E1 /* UANetworking.m */ = {isa = PBXFileReference; fileEncoding = 4; lastKnownFileType = sourcecode.c.objc; path = UANetworking.m; sourceTree = "<group>"; };
		0EAD7BB7203FB3B1001FA2E1 /* UAUIKit.h */ = {isa = PBXFileReference; fileEncoding = 4; lastKnownFileType = sourcecode.c.h; path = UAUIKit.h; sourceTree = "<group>"; };
		0EAD7BB8203FB3B2001FA2E1 /* UAFoundation.h */ = {isa = PBXFileReference; fileEncoding = 4; lastKnownFileType = sourcecode.c.h; path = UAFoundation.h; sourceTree = "<group>"; };
		0EAD7BB9203FB3B2001FA2E1 /* UAThirdTool.h */ = {isa = PBXFileReference; fileEncoding = 4; lastKnownFileType = sourcecode.c.h; path = UAThirdTool.h; sourceTree = "<group>"; };
		0EAD7BBA203FB3BC001FA2E1 /* UATools.h */ = {isa = PBXFileReference; fileEncoding = 4; lastKnownFileType = sourcecode.c.h; path = UATools.h; sourceTree = "<group>"; };
		0EAD7BC0203FB917001FA2E1 /* UITextField+UA.m */ = {isa = PBXFileReference; fileEncoding = 4; lastKnownFileType = sourcecode.c.objc; path = "UITextField+UA.m"; sourceTree = "<group>"; };
		0EAD7BC1203FB917001FA2E1 /* UIAlertView+Block.m */ = {isa = PBXFileReference; fileEncoding = 4; lastKnownFileType = sourcecode.c.objc; path = "UIAlertView+Block.m"; sourceTree = "<group>"; };
		0EAD7BC2203FB917001FA2E1 /* UIButton+UA.m */ = {isa = PBXFileReference; fileEncoding = 4; lastKnownFileType = sourcecode.c.objc; path = "UIButton+UA.m"; sourceTree = "<group>"; };
		0EAD7BC3203FB917001FA2E1 /* UIActionSheet+Block.m */ = {isa = PBXFileReference; fileEncoding = 4; lastKnownFileType = sourcecode.c.objc; path = "UIActionSheet+Block.m"; sourceTree = "<group>"; };
		0EAD7BC4203FB917001FA2E1 /* UIActionSheet+Block.h */ = {isa = PBXFileReference; fileEncoding = 4; lastKnownFileType = sourcecode.c.h; path = "UIActionSheet+Block.h"; sourceTree = "<group>"; };
		0EAD7BC5203FB917001FA2E1 /* UILabel+UA.m */ = {isa = PBXFileReference; fileEncoding = 4; lastKnownFileType = sourcecode.c.objc; path = "UILabel+UA.m"; sourceTree = "<group>"; };
		0EAD7BC6203FB917001FA2E1 /* UILabel+UA.h */ = {isa = PBXFileReference; fileEncoding = 4; lastKnownFileType = sourcecode.c.h; path = "UILabel+UA.h"; sourceTree = "<group>"; };
		0EAD7BC7203FB917001FA2E1 /* UIAlertView+Block.h */ = {isa = PBXFileReference; fileEncoding = 4; lastKnownFileType = sourcecode.c.h; path = "UIAlertView+Block.h"; sourceTree = "<group>"; };
		0EAD7BC8203FB918001FA2E1 /* UIButton+UA.h */ = {isa = PBXFileReference; fileEncoding = 4; lastKnownFileType = sourcecode.c.h; path = "UIButton+UA.h"; sourceTree = "<group>"; };
		0EAD7BC9203FB918001FA2E1 /* UITextField+UA.h */ = {isa = PBXFileReference; fileEncoding = 4; lastKnownFileType = sourcecode.c.h; path = "UITextField+UA.h"; sourceTree = "<group>"; };
		0EDAAB12213408410039C83E /* Default-568h@2x.png */ = {isa = PBXFileReference; lastKnownFileType = image.png; path = "Default-568h@2x.png"; sourceTree = "<group>"; };
		0EDAAB142134DC380039C83E /* UIImage+UA.h */ = {isa = PBXFileReference; lastKnownFileType = sourcecode.c.h; path = "UIImage+UA.h"; sourceTree = "<group>"; };
		0EDAAB152134DC380039C83E /* UIImage+UA.m */ = {isa = PBXFileReference; lastKnownFileType = sourcecode.c.objc; path = "UIImage+UA.m"; sourceTree = "<group>"; };
		0EDAAB172134DCDB0039C83E /* UIImage+Bitmap.h */ = {isa = PBXFileReference; lastKnownFileType = sourcecode.c.h; path = "UIImage+Bitmap.h"; sourceTree = "<group>"; };
		0EDAAB182134DCDB0039C83E /* UIImage+Bitmap.m */ = {isa = PBXFileReference; lastKnownFileType = sourcecode.c.objc; path = "UIImage+Bitmap.m"; sourceTree = "<group>"; };
		0EDAAB1A2134DF8E0039C83E /* UIImage+GIF.h */ = {isa = PBXFileReference; lastKnownFileType = sourcecode.c.h; path = "UIImage+GIF.h"; sourceTree = "<group>"; };
		0EDAAB1B2134DF8E0039C83E /* UIImage+GIF.m */ = {isa = PBXFileReference; lastKnownFileType = sourcecode.c.objc; path = "UIImage+GIF.m"; sourceTree = "<group>"; };
		0EDAAB1D2134E1C50039C83E /* UIImage+Orientation.h */ = {isa = PBXFileReference; lastKnownFileType = sourcecode.c.h; path = "UIImage+Orientation.h"; sourceTree = "<group>"; };
		0EDAAB1E2134E1C50039C83E /* UIImage+Orientation.m */ = {isa = PBXFileReference; lastKnownFileType = sourcecode.c.objc; path = "UIImage+Orientation.m"; sourceTree = "<group>"; };
		0EDAAB202134E7000039C83E /* UIImageView+Addition.h */ = {isa = PBXFileReference; lastKnownFileType = sourcecode.c.h; path = "UIImageView+Addition.h"; sourceTree = "<group>"; };
		0EDAAB212134E7000039C83E /* UIImageView+Addition.m */ = {isa = PBXFileReference; lastKnownFileType = sourcecode.c.objc; path = "UIImageView+Addition.m"; sourceTree = "<group>"; };
		0EDAAB232134E78E0039C83E /* UIImageView+Reflect.h */ = {isa = PBXFileReference; lastKnownFileType = sourcecode.c.h; path = "UIImageView+Reflect.h"; sourceTree = "<group>"; };
		0EDAAB242134E78E0039C83E /* UIImageView+Reflect.m */ = {isa = PBXFileReference; lastKnownFileType = sourcecode.c.objc; path = "UIImageView+Reflect.m"; sourceTree = "<group>"; };
		0EDAAB262134E80F0039C83E /* UILabel+AutoSize.h */ = {isa = PBXFileReference; lastKnownFileType = sourcecode.c.h; path = "UILabel+AutoSize.h"; sourceTree = "<group>"; };
		0EDAAB272134E80F0039C83E /* UILabel+AutoSize.m */ = {isa = PBXFileReference; lastKnownFileType = sourcecode.c.objc; path = "UILabel+AutoSize.m"; sourceTree = "<group>"; };
		0EDAAB292134E9050039C83E /* UITextField+InputLimit.h */ = {isa = PBXFileReference; lastKnownFileType = sourcecode.c.h; path = "UITextField+InputLimit.h"; sourceTree = "<group>"; };
		0EDAAB2A2134E9050039C83E /* UITextField+InputLimit.m */ = {isa = PBXFileReference; lastKnownFileType = sourcecode.c.objc; path = "UITextField+InputLimit.m"; sourceTree = "<group>"; };
		0EDAAB2C2134E9810039C83E /* UITextField+Select.h */ = {isa = PBXFileReference; lastKnownFileType = sourcecode.c.h; path = "UITextField+Select.h"; sourceTree = "<group>"; };
		0EDAAB2D2134E9810039C83E /* UITextField+Select.m */ = {isa = PBXFileReference; lastKnownFileType = sourcecode.c.objc; path = "UITextField+Select.m"; sourceTree = "<group>"; };
		0EDAAB2F2134E9BA0039C83E /* UITextView+InputLimit.h */ = {isa = PBXFileReference; lastKnownFileType = sourcecode.c.h; path = "UITextView+InputLimit.h"; sourceTree = "<group>"; };
		0EDAAB302134E9BA0039C83E /* UITextView+InputLimit.m */ = {isa = PBXFileReference; lastKnownFileType = sourcecode.c.objc; path = "UITextView+InputLimit.m"; sourceTree = "<group>"; };
		0EDAAB322134EA3C0039C83E /* UITextView+Select.h */ = {isa = PBXFileReference; lastKnownFileType = sourcecode.c.h; path = "UITextView+Select.h"; sourceTree = "<group>"; };
		0EDAAB332134EA3C0039C83E /* UITextView+Select.m */ = {isa = PBXFileReference; lastKnownFileType = sourcecode.c.objc; path = "UITextView+Select.m"; sourceTree = "<group>"; };
		0EDAAB352134EB790039C83E /* UIView+Border.h */ = {isa = PBXFileReference; lastKnownFileType = sourcecode.c.h; path = "UIView+Border.h"; sourceTree = "<group>"; };
		0EDAAB362134EB790039C83E /* UIView+Border.m */ = {isa = PBXFileReference; lastKnownFileType = sourcecode.c.objc; path = "UIView+Border.m"; sourceTree = "<group>"; };
		0EDAAB382134EC170039C83E /* UIView+Find.h */ = {isa = PBXFileReference; lastKnownFileType = sourcecode.c.h; path = "UIView+Find.h"; sourceTree = "<group>"; };
		0EDAAB392134EC170039C83E /* UIView+Find.m */ = {isa = PBXFileReference; lastKnownFileType = sourcecode.c.objc; path = "UIView+Find.m"; sourceTree = "<group>"; };
		0EDAAB3B2134ED2A0039C83E /* UIView+Gesture.h */ = {isa = PBXFileReference; lastKnownFileType = sourcecode.c.h; path = "UIView+Gesture.h"; sourceTree = "<group>"; };
		0EDAAB3C2134ED2A0039C83E /* UIView+Gesture.m */ = {isa = PBXFileReference; lastKnownFileType = sourcecode.c.objc; path = "UIView+Gesture.m"; sourceTree = "<group>"; };
		0EDAAB422134F5220039C83E /* UIView+UA.m */ = {isa = PBXFileReference; fileEncoding = 4; lastKnownFileType = sourcecode.c.objc; path = "UIView+UA.m"; sourceTree = "<group>"; };
		0EDAAB432134F5220039C83E /* UIView+UA.h */ = {isa = PBXFileReference; fileEncoding = 4; lastKnownFileType = sourcecode.c.h; path = "UIView+UA.h"; sourceTree = "<group>"; };
		0EDAAB472134F5C00039C83E /* UIApplication+APNs.h */ = {isa = PBXFileReference; lastKnownFileType = sourcecode.c.h; path = "UIApplication+APNs.h"; sourceTree = "<group>"; };
		0EDAAB482134F5C00039C83E /* UIApplication+APNs.m */ = {isa = PBXFileReference; lastKnownFileType = sourcecode.c.objc; path = "UIApplication+APNs.m"; sourceTree = "<group>"; };
		0EDAAB4A2134F60C0039C83E /* UIButton+BackgroundColor.h */ = {isa = PBXFileReference; lastKnownFileType = sourcecode.c.h; path = "UIButton+BackgroundColor.h"; sourceTree = "<group>"; };
		0EDAAB4B2134F60C0039C83E /* UIButton+BackgroundColor.m */ = {isa = PBXFileReference; lastKnownFileType = sourcecode.c.objc; path = "UIButton+BackgroundColor.m"; sourceTree = "<group>"; };
		0EDAAB4D2134F7480039C83E /* UIControl+Block.h */ = {isa = PBXFileReference; lastKnownFileType = sourcecode.c.h; path = "UIControl+Block.h"; sourceTree = "<group>"; };
		0EDAAB4E2134F7480039C83E /* UIControl+Block.m */ = {isa = PBXFileReference; lastKnownFileType = sourcecode.c.objc; path = "UIControl+Block.m"; sourceTree = "<group>"; };
		0EDAAB502134FC2E0039C83E /* UIControl+Sound.h */ = {isa = PBXFileReference; lastKnownFileType = sourcecode.c.h; path = "UIControl+Sound.h"; sourceTree = "<group>"; };
		0EDAAB512134FC2E0039C83E /* UIControl+Sound.m */ = {isa = PBXFileReference; lastKnownFileType = sourcecode.c.objc; path = "UIControl+Sound.m"; sourceTree = "<group>"; };
		0EDAAB5621351F090039C83E /* UIDevice+Hardware.h */ = {isa = PBXFileReference; fileEncoding = 4; lastKnownFileType = sourcecode.c.h; path = "UIDevice+Hardware.h"; sourceTree = "<group>"; };
		0EDAAB5721351F0A0039C83E /* UIDevice+Hardware.m */ = {isa = PBXFileReference; fileEncoding = 4; lastKnownFileType = sourcecode.c.objc; path = "UIDevice+Hardware.m"; sourceTree = "<group>"; };
		0EDAAB5921351F6F0039C83E /* UIColor+UA.h */ = {isa = PBXFileReference; lastKnownFileType = sourcecode.c.h; path = "UIColor+UA.h"; sourceTree = "<group>"; };
		0EDAAB5A21351F6F0039C83E /* UIColor+UA.m */ = {isa = PBXFileReference; lastKnownFileType = sourcecode.c.objc; path = "UIColor+UA.m"; sourceTree = "<group>"; };
		0EDAAB5C213522840039C83E /* NSObject+AppInfo.h */ = {isa = PBXFileReference; lastKnownFileType = sourcecode.c.h; path = "NSObject+AppInfo.h"; sourceTree = "<group>"; };
		0EDAAB5D213522840039C83E /* NSObject+AppInfo.m */ = {isa = PBXFileReference; lastKnownFileType = sourcecode.c.objc; path = "NSObject+AppInfo.m"; sourceTree = "<group>"; };
		0EDAAB5F213522CC0039C83E /* NSObject+Reflection.h */ = {isa = PBXFileReference; lastKnownFileType = sourcecode.c.h; path = "NSObject+Reflection.h"; sourceTree = "<group>"; };
		0EDAAB60213522CC0039C83E /* NSObject+Reflection.m */ = {isa = PBXFileReference; lastKnownFileType = sourcecode.c.objc; path = "NSObject+Reflection.m"; sourceTree = "<group>"; };
		0EDAAB62213523AE0039C83E /* NSObject+Runtime.h */ = {isa = PBXFileReference; lastKnownFileType = sourcecode.c.h; path = "NSObject+Runtime.h"; sourceTree = "<group>"; };
		0EDAAB63213523AE0039C83E /* NSObject+Runtime.m */ = {isa = PBXFileReference; lastKnownFileType = sourcecode.c.objc; path = "NSObject+Runtime.m"; sourceTree = "<group>"; };
		0EDAAB65213524450039C83E /* NSString+Base64.h */ = {isa = PBXFileReference; lastKnownFileType = sourcecode.c.h; path = "NSString+Base64.h"; sourceTree = "<group>"; };
		0EDAAB66213524450039C83E /* NSString+Base64.m */ = {isa = PBXFileReference; lastKnownFileType = sourcecode.c.objc; path = "NSString+Base64.m"; sourceTree = "<group>"; };
		0EDAAB68213524850039C83E /* NSData+Base64.h */ = {isa = PBXFileReference; lastKnownFileType = sourcecode.c.h; path = "NSData+Base64.h"; sourceTree = "<group>"; };
		0EDAAB69213524850039C83E /* NSData+Base64.m */ = {isa = PBXFileReference; lastKnownFileType = sourcecode.c.objc; path = "NSData+Base64.m"; sourceTree = "<group>"; };
		0EDAAB6B213524FB0039C83E /* NSString+Contains.h */ = {isa = PBXFileReference; lastKnownFileType = sourcecode.c.h; path = "NSString+Contains.h"; sourceTree = "<group>"; };
		0EDAAB6C213524FB0039C83E /* NSString+Contains.m */ = {isa = PBXFileReference; lastKnownFileType = sourcecode.c.objc; path = "NSString+Contains.m"; sourceTree = "<group>"; };
		0EDAAB6E213525430039C83E /* NSString+Dictionary.h */ = {isa = PBXFileReference; lastKnownFileType = sourcecode.c.h; path = "NSString+Dictionary.h"; sourceTree = "<group>"; };
		0EDAAB6F213525430039C83E /* NSString+Dictionary.m */ = {isa = PBXFileReference; lastKnownFileType = sourcecode.c.objc; path = "NSString+Dictionary.m"; sourceTree = "<group>"; };
		0EDAAB712135259C0039C83E /* NSString+Emoji.h */ = {isa = PBXFileReference; lastKnownFileType = sourcecode.c.h; path = "NSString+Emoji.h"; sourceTree = "<group>"; };
		0EDAAB722135259C0039C83E /* NSString+Emoji.m */ = {isa = PBXFileReference; lastKnownFileType = sourcecode.c.objc; path = "NSString+Emoji.m"; sourceTree = "<group>"; };
		0EDAAB74213527730039C83E /* NSString+RegEx.h */ = {isa = PBXFileReference; lastKnownFileType = sourcecode.c.h; path = "NSString+RegEx.h"; sourceTree = "<group>"; };
		0EDAAB75213527730039C83E /* NSString+RegEx.m */ = {isa = PBXFileReference; lastKnownFileType = sourcecode.c.objc; path = "NSString+RegEx.m"; sourceTree = "<group>"; };
		0EDAAB77213530860039C83E /* NSString+Size.h */ = {isa = PBXFileReference; lastKnownFileType = sourcecode.c.h; path = "NSString+Size.h"; sourceTree = "<group>"; };
		0EDAAB78213530860039C83E /* NSString+Size.m */ = {isa = PBXFileReference; lastKnownFileType = sourcecode.c.objc; path = "NSString+Size.m"; sourceTree = "<group>"; };
		0EDAAB7A2135311A0039C83E /* NSString+URLEncode.h */ = {isa = PBXFileReference; lastKnownFileType = sourcecode.c.h; path = "NSString+URLEncode.h"; sourceTree = "<group>"; };
		0EDAAB7B2135311A0039C83E /* NSString+URLEncode.m */ = {isa = PBXFileReference; lastKnownFileType = sourcecode.c.objc; path = "NSString+URLEncode.m"; sourceTree = "<group>"; };
		0EDAAB7D2136390D0039C83E /* NSFileManager+Path.h */ = {isa = PBXFileReference; lastKnownFileType = sourcecode.c.h; path = "NSFileManager+Path.h"; sourceTree = "<group>"; };
		0EDAAB7E2136390D0039C83E /* NSFileManager+Path.m */ = {isa = PBXFileReference; lastKnownFileType = sourcecode.c.objc; path = "NSFileManager+Path.m"; sourceTree = "<group>"; };
		0EDAAB80213639690039C83E /* NSDictionary+Json.h */ = {isa = PBXFileReference; lastKnownFileType = sourcecode.c.h; path = "NSDictionary+Json.h"; sourceTree = "<group>"; };
		0EDAAB81213639690039C83E /* NSDictionary+Json.m */ = {isa = PBXFileReference; lastKnownFileType = sourcecode.c.objc; path = "NSDictionary+Json.m"; sourceTree = "<group>"; };
		0EDAAB83213639960039C83E /* NSDate+Extension.h */ = {isa = PBXFileReference; lastKnownFileType = sourcecode.c.h; path = "NSDate+Extension.h"; sourceTree = "<group>"; };
		0EDAAB84213639960039C83E /* NSDate+Extension.m */ = {isa = PBXFileReference; lastKnownFileType = sourcecode.c.objc; path = "NSDate+Extension.m"; sourceTree = "<group>"; };
		0EDAAB8621363B1A0039C83E /* NSDictionary+URL.h */ = {isa = PBXFileReference; lastKnownFileType = sourcecode.c.h; path = "NSDictionary+URL.h"; sourceTree = "<group>"; };
		0EDAAB8721363B1A0039C83E /* NSDictionary+URL.m */ = {isa = PBXFileReference; lastKnownFileType = sourcecode.c.objc; path = "NSDictionary+URL.m"; sourceTree = "<group>"; };
		0EDAAB8921363B4E0039C83E /* NSDictionary+SafeAccess.h */ = {isa = PBXFileReference; lastKnownFileType = sourcecode.c.h; path = "NSDictionary+SafeAccess.h"; sourceTree = "<group>"; };
		0EDAAB8A21363B4E0039C83E /* NSDictionary+SafeAccess.m */ = {isa = PBXFileReference; lastKnownFileType = sourcecode.c.objc; path = "NSDictionary+SafeAccess.m"; sourceTree = "<group>"; };
		0EDAAB8C213644940039C83E /* NSData+AES.h */ = {isa = PBXFileReference; lastKnownFileType = sourcecode.c.h; path = "NSData+AES.h"; sourceTree = "<group>"; };
		0EDAAB8D213644940039C83E /* NSData+AES.m */ = {isa = PBXFileReference; lastKnownFileType = sourcecode.c.objc; path = "NSData+AES.m"; sourceTree = "<group>"; };
		0EDAAB8F213644BE0039C83E /* NSString+AES.h */ = {isa = PBXFileReference; lastKnownFileType = sourcecode.c.h; path = "NSString+AES.h"; sourceTree = "<group>"; };
		0EDAAB90213644BE0039C83E /* NSString+AES.m */ = {isa = PBXFileReference; lastKnownFileType = sourcecode.c.objc; path = "NSString+AES.m"; sourceTree = "<group>"; };
		3F99764F53B521503B0F9728 /* Pods-BowenToolDemo.debug.xcconfig */ = {isa = PBXFileReference; includeInIndex = 1; lastKnownFileType = text.xcconfig; name = "Pods-BowenToolDemo.debug.xcconfig"; path = "Pods/Target Support Files/Pods-BowenToolDemo/Pods-BowenToolDemo.debug.xcconfig"; sourceTree = "<group>"; };
		63492289F6C1D009673C37A2 /* libPods-BowenToolDemo.a */ = {isa = PBXFileReference; explicitFileType = archive.ar; includeInIndex = 0; path = "libPods-BowenToolDemo.a"; sourceTree = BUILT_PRODUCTS_DIR; };
/* End PBXFileReference section */

/* Begin PBXFrameworksBuildPhase section */
		0E5D9F87203E573D00C41291 /* Frameworks */ = {
			isa = PBXFrameworksBuildPhase;
			buildActionMask = 2147483647;
			files = (
				70CE7E24DD29E3047497A3F9 /* libPods-BowenToolDemo.a in Frameworks */,
			);
			runOnlyForDeploymentPostprocessing = 0;
		};
/* End PBXFrameworksBuildPhase section */

/* Begin PBXGroup section */
		0E5D9F81203E573D00C41291 = {
			isa = PBXGroup;
			children = (
				0EDAAB12213408410039C83E /* Default-568h@2x.png */,
				0E5D9F8C203E573D00C41291 /* BowenToolDemo */,
				0E5D9F8B203E573D00C41291 /* Products */,
				10387839A11E227966573B67 /* Pods */,
				BD9870F19F5AC858C0FC6B90 /* Frameworks */,
			);
			sourceTree = "<group>";
		};
		0E5D9F8B203E573D00C41291 /* Products */ = {
			isa = PBXGroup;
			children = (
				0E5D9F8A203E573D00C41291 /* BowenToolDemo.app */,
			);
			name = Products;
			sourceTree = "<group>";
		};
		0E5D9F8C203E573D00C41291 /* BowenToolDemo */ = {
			isa = PBXGroup;
			children = (
				0EAD7B83203FB386001FA2E1 /* BowenTool */,
				0E5D9F8D203E573D00C41291 /* AppDelegate.h */,
				0E5D9F8E203E573D00C41291 /* AppDelegate.m */,
				0E5D9F90203E573D00C41291 /* ViewController.h */,
				0E5D9F91203E573D00C41291 /* ViewController.m */,
				0E5D9F93203E573D00C41291 /* Main.storyboard */,
				0E5D9F96203E573D00C41291 /* Assets.xcassets */,
				0E5D9F9B203E573D00C41291 /* Info.plist */,
				0E5D9F9C203E573D00C41291 /* main.m */,
			);
			path = BowenToolDemo;
			sourceTree = "<group>";
		};
		0EAD7B83203FB386001FA2E1 /* BowenTool */ = {
			isa = PBXGroup;
			children = (
				0EAD7BBA203FB3BC001FA2E1 /* UATools.h */,
				0EAD7B84203FB386001FA2E1 /* Category */,
				0EAD7B98203FB386001FA2E1 /* ThirdTool */,
				0EAD7BA5203FB386001FA2E1 /* Networking */,
			);
			name = BowenTool;
			path = ../../BowenTool;
			sourceTree = "<group>";
		};
		0EAD7B84203FB386001FA2E1 /* Category */ = {
			isa = PBXGroup;
			children = (
				0EAD7BB7203FB3B1001FA2E1 /* UAUIKit.h */,
				0EAD7BB8203FB3B2001FA2E1 /* UAFoundation.h */,
				0E26493C2137BE2400184237 /* scanner.wav */,
				0EAD7B85203FB386001FA2E1 /* UIKit */,
				0EAD7B86203FB386001FA2E1 /* Foundation */,
			);
			path = Category;
			sourceTree = "<group>";
		};
		0EAD7B85203FB386001FA2E1 /* UIKit */ = {
			isa = PBXGroup;
			children = (
				0EAD7BC4203FB917001FA2E1 /* UIActionSheet+Block.h */,
				0EAD7BC3203FB917001FA2E1 /* UIActionSheet+Block.m */,
				0EAD7BC7203FB917001FA2E1 /* UIAlertView+Block.h */,
				0EAD7BC1203FB917001FA2E1 /* UIAlertView+Block.m */,
				0EDAAB472134F5C00039C83E /* UIApplication+APNs.h */,
				0EDAAB482134F5C00039C83E /* UIApplication+APNs.m */,
				0EAD7BC8203FB918001FA2E1 /* UIButton+UA.h */,
				0EAD7BC2203FB917001FA2E1 /* UIButton+UA.m */,
				0EDAAB4A2134F60C0039C83E /* UIButton+BackgroundColor.h */,
				0EDAAB4B2134F60C0039C83E /* UIButton+BackgroundColor.m */,
				0EDAAB4D2134F7480039C83E /* UIControl+Block.h */,
				0EDAAB4E2134F7480039C83E /* UIControl+Block.m */,
				0EDAAB502134FC2E0039C83E /* UIControl+Sound.h */,
				0EDAAB512134FC2E0039C83E /* UIControl+Sound.m */,
				0EDAAB5921351F6F0039C83E /* UIColor+UA.h */,
				0EDAAB5A21351F6F0039C83E /* UIColor+UA.m */,
				0EDAAB5621351F090039C83E /* UIDevice+Hardware.h */,
				0EDAAB5721351F0A0039C83E /* UIDevice+Hardware.m */,
				0EAD7BC6203FB917001FA2E1 /* UILabel+UA.h */,
				0EAD7BC5203FB917001FA2E1 /* UILabel+UA.m */,
				0EDAAB262134E80F0039C83E /* UILabel+AutoSize.h */,
				0EDAAB272134E80F0039C83E /* UILabel+AutoSize.m */,
				0EAD7BC9203FB918001FA2E1 /* UITextField+UA.h */,
				0EAD7BC0203FB917001FA2E1 /* UITextField+UA.m */,
				0EDAAB292134E9050039C83E /* UITextField+InputLimit.h */,
				0EDAAB2A2134E9050039C83E /* UITextField+InputLimit.m */,
				0EDAAB2C2134E9810039C83E /* UITextField+Select.h */,
				0EDAAB2D2134E9810039C83E /* UITextField+Select.m */,
				0EDAAB2F2134E9BA0039C83E /* UITextView+InputLimit.h */,
				0EDAAB302134E9BA0039C83E /* UITextView+InputLimit.m */,
				0EDAAB322134EA3C0039C83E /* UITextView+Select.h */,
				0EDAAB332134EA3C0039C83E /* UITextView+Select.m */,
				0EDAAB352134EB790039C83E /* UIView+Border.h */,
				0EDAAB362134EB790039C83E /* UIView+Border.m */,
				0EDAAB382134EC170039C83E /* UIView+Find.h */,
				0EDAAB392134EC170039C83E /* UIView+Find.m */,
				0EDAAB3B2134ED2A0039C83E /* UIView+Gesture.h */,
				0EDAAB3C2134ED2A0039C83E /* UIView+Gesture.m */,
				0EDAAB432134F5220039C83E /* UIView+UA.h */,
				0EDAAB422134F5220039C83E /* UIView+UA.m */,
				0EDAAB142134DC380039C83E /* UIImage+UA.h */,
				0EDAAB152134DC380039C83E /* UIImage+UA.m */,
				0EDAAB1A2134DF8E0039C83E /* UIImage+GIF.h */,
				0EDAAB1B2134DF8E0039C83E /* UIImage+GIF.m */,
				0EDAAB172134DCDB0039C83E /* UIImage+Bitmap.h */,
				0EDAAB182134DCDB0039C83E /* UIImage+Bitmap.m */,
				0EDAAB1D2134E1C50039C83E /* UIImage+Orientation.h */,
				0EDAAB1E2134E1C50039C83E /* UIImage+Orientation.m */,
				0EDAAB202134E7000039C83E /* UIImageView+Addition.h */,
				0EDAAB212134E7000039C83E /* UIImageView+Addition.m */,
				0EDAAB232134E78E0039C83E /* UIImageView+Reflect.h */,
				0EDAAB242134E78E0039C83E /* UIImageView+Reflect.m */,
			);
			path = UIKit;
			sourceTree = "<group>";
		};
		0EAD7B86203FB386001FA2E1 /* Foundation */ = {
			isa = PBXGroup;
			children = (
				0EAD7B95203FB386001FA2E1 /* NSArray+UA.h */,
				0EAD7B89203FB386001FA2E1 /* NSArray+UA.m */,
				0EDAAB68213524850039C83E /* NSData+Base64.h */,
				0EDAAB69213524850039C83E /* NSData+Base64.m */,
				0EDAAB83213639960039C83E /* NSDate+Extension.h */,
				0EDAAB84213639960039C83E /* NSDate+Extension.m */,
				0EAD7B91203FB386001FA2E1 /* NSDictionary+UA.h */,
				0EAD7B8C203FB386001FA2E1 /* NSDictionary+UA.m */,
				0EDAAB80213639690039C83E /* NSDictionary+Json.h */,
				0EDAAB81213639690039C83E /* NSDictionary+Json.m */,
				0EDAAB8921363B4E0039C83E /* NSDictionary+SafeAccess.h */,
				0EDAAB8A21363B4E0039C83E /* NSDictionary+SafeAccess.m */,
				0EDAAB8621363B1A0039C83E /* NSDictionary+URL.h */,
				0EDAAB8721363B1A0039C83E /* NSDictionary+URL.m */,
				0EDAAB7D2136390D0039C83E /* NSFileManager+Path.h */,
				0EDAAB7E2136390D0039C83E /* NSFileManager+Path.m */,
				0EAD7B90203FB386001FA2E1 /* NSMutableAttributedString+UA.h */,
				0EAD7B8D203FB386001FA2E1 /* NSMutableAttributedString+UA.m */,
				0EAD7B87203FB386001FA2E1 /* NSObject+UA.h */,
				0EAD7B8F203FB386001FA2E1 /* NSObject+UA.m */,
				0EDAAB5C213522840039C83E /* NSObject+AppInfo.h */,
				0EDAAB5D213522840039C83E /* NSObject+AppInfo.m */,
				0EDAAB5F213522CC0039C83E /* NSObject+Reflection.h */,
				0EDAAB60213522CC0039C83E /* NSObject+Reflection.m */,
				0EDAAB62213523AE0039C83E /* NSObject+Runtime.h */,
				0EDAAB63213523AE0039C83E /* NSObject+Runtime.m */,
				0EAD7B88203FB386001FA2E1 /* NSString+UA.h */,
				0EAD7B8E203FB386001FA2E1 /* NSString+UA.m */,
				0EDAAB65213524450039C83E /* NSString+Base64.h */,
				0EDAAB66213524450039C83E /* NSString+Base64.m */,
				0EDAAB6B213524FB0039C83E /* NSString+Contains.h */,
				0EDAAB6C213524FB0039C83E /* NSString+Contains.m */,
				0EDAAB6E213525430039C83E /* NSString+Dictionary.h */,
				0EDAAB6F213525430039C83E /* NSString+Dictionary.m */,
				0EDAAB712135259C0039C83E /* NSString+Emoji.h */,
				0EDAAB722135259C0039C83E /* NSString+Emoji.m */,
				0EDAAB74213527730039C83E /* NSString+RegEx.h */,
				0EDAAB75213527730039C83E /* NSString+RegEx.m */,
				0EDAAB77213530860039C83E /* NSString+Size.h */,
				0EDAAB78213530860039C83E /* NSString+Size.m */,
				0EDAAB7A2135311A0039C83E /* NSString+URLEncode.h */,
				0EDAAB7B2135311A0039C83E /* NSString+URLEncode.m */,
			);
			path = Foundation;
			sourceTree = "<group>";
		};
		0EAD7B98203FB386001FA2E1 /* ThirdTool */ = {
			isa = PBXGroup;
			children = (
				0EAD7BB9203FB3B2001FA2E1 /* UAThirdTool.h */,
				0EAD7B9A203FB386001FA2E1 /* AES128ECB */,
			);
			path = ThirdTool;
			sourceTree = "<group>";
		};
		0EAD7B9A203FB386001FA2E1 /* AES128ECB */ = {
			isa = PBXGroup;
			children = (
				0EAD7BA1203FB386001FA2E1 /* AESCrypt.h */,
				0EAD7B9C203FB386001FA2E1 /* AESCrypt.m */,
				0EDAAB8C213644940039C83E /* NSData+AES.h */,
				0EDAAB8D213644940039C83E /* NSData+AES.m */,
				0EDAAB8F213644BE0039C83E /* NSString+AES.h */,
				0EDAAB90213644BE0039C83E /* NSString+AES.m */,
			);
			path = AES128ECB;
			sourceTree = "<group>";
		};
		0EAD7BA5203FB386001FA2E1 /* Networking */ = {
			isa = PBXGroup;
			children = (
				0EAD7BA6203FB386001FA2E1 /* UANetworking.h */,
				0EAD7BA7203FB386001FA2E1 /* UANetworking.m */,
			);
			path = Networking;
			sourceTree = "<group>";
		};
		10387839A11E227966573B67 /* Pods */ = {
			isa = PBXGroup;
			children = (
				3F99764F53B521503B0F9728 /* Pods-BowenToolDemo.debug.xcconfig */,
				037930013A2FA5B8E7641854 /* Pods-BowenToolDemo.release.xcconfig */,
			);
			name = Pods;
			sourceTree = "<group>";
		};
		BD9870F19F5AC858C0FC6B90 /* Frameworks */ = {
			isa = PBXGroup;
			children = (
				63492289F6C1D009673C37A2 /* libPods-BowenToolDemo.a */,
			);
			name = Frameworks;
			sourceTree = "<group>";
		};
/* End PBXGroup section */

/* Begin PBXNativeTarget section */
		0E5D9F89203E573D00C41291 /* BowenToolDemo */ = {
			isa = PBXNativeTarget;
			buildConfigurationList = 0E5D9FA0203E573D00C41291 /* Build configuration list for PBXNativeTarget "BowenToolDemo" */;
			buildPhases = (
				D04B2F398123C3817E50201E /* [CP] Check Pods Manifest.lock */,
				0E5D9F86203E573D00C41291 /* Sources */,
				0E5D9F87203E573D00C41291 /* Frameworks */,
				0E5D9F88203E573D00C41291 /* Resources */,
				FD3CC2621AE26F7675895E45 /* [CP] Embed Pods Frameworks */,
				957A7BF32F4D2F6C48F1A48D /* [CP] Copy Pods Resources */,
			);
			buildRules = (
			);
			dependencies = (
			);
			name = BowenToolDemo;
			productName = BowenToolDemo;
			productReference = 0E5D9F8A203E573D00C41291 /* BowenToolDemo.app */;
			productType = "com.apple.product-type.application";
		};
/* End PBXNativeTarget section */

/* Begin PBXProject section */
		0E5D9F82203E573D00C41291 /* Project object */ = {
			isa = PBXProject;
			attributes = {
				LastUpgradeCheck = 0940;
				ORGANIZATIONNAME = Bowen;
				TargetAttributes = {
					0E5D9F89203E573D00C41291 = {
						CreatedOnToolsVersion = 9.2;
						ProvisioningStyle = Manual;
					};
				};
			};
			buildConfigurationList = 0E5D9F85203E573D00C41291 /* Build configuration list for PBXProject "BowenToolDemo" */;
			compatibilityVersion = "Xcode 8.0";
			developmentRegion = en;
			hasScannedForEncodings = 0;
			knownRegions = (
				en,
				Base,
			);
			mainGroup = 0E5D9F81203E573D00C41291;
			productRefGroup = 0E5D9F8B203E573D00C41291 /* Products */;
			projectDirPath = "";
			projectRoot = "";
			targets = (
				0E5D9F89203E573D00C41291 /* BowenToolDemo */,
			);
		};
/* End PBXProject section */

/* Begin PBXResourcesBuildPhase section */
		0E5D9F88203E573D00C41291 /* Resources */ = {
			isa = PBXResourcesBuildPhase;
			buildActionMask = 2147483647;
			files = (
				0E5D9F97203E573D00C41291 /* Assets.xcassets in Resources */,
				0E26493D2137BE2400184237 /* scanner.wav in Resources */,
				0EDAAB13213408410039C83E /* Default-568h@2x.png in Resources */,
				0E5D9F95203E573D00C41291 /* Main.storyboard in Resources */,
			);
			runOnlyForDeploymentPostprocessing = 0;
		};
/* End PBXResourcesBuildPhase section */

/* Begin PBXShellScriptBuildPhase section */
		957A7BF32F4D2F6C48F1A48D /* [CP] Copy Pods Resources */ = {
			isa = PBXShellScriptBuildPhase;
			buildActionMask = 2147483647;
			files = (
			);
			inputPaths = (
				"${SRCROOT}/Pods/Target Support Files/Pods-BowenToolDemo/Pods-BowenToolDemo-resources.sh",
				"${PODS_ROOT}/SVProgressHUD/SVProgressHUD/SVProgressHUD.bundle",
			);
			name = "[CP] Copy Pods Resources";
			outputPaths = (
				"${TARGET_BUILD_DIR}/${UNLOCALIZED_RESOURCES_FOLDER_PATH}/SVProgressHUD.bundle",
			);
			runOnlyForDeploymentPostprocessing = 0;
			shellPath = /bin/sh;
			shellScript = "\"${SRCROOT}/Pods/Target Support Files/Pods-BowenToolDemo/Pods-BowenToolDemo-resources.sh\"\n";
			showEnvVarsInLog = 0;
		};
		D04B2F398123C3817E50201E /* [CP] Check Pods Manifest.lock */ = {
			isa = PBXShellScriptBuildPhase;
			buildActionMask = 2147483647;
			files = (
			);
			inputPaths = (
				"${PODS_PODFILE_DIR_PATH}/Podfile.lock",
				"${PODS_ROOT}/Manifest.lock",
			);
			name = "[CP] Check Pods Manifest.lock";
			outputPaths = (
				"$(DERIVED_FILE_DIR)/Pods-BowenToolDemo-checkManifestLockResult.txt",
			);
			runOnlyForDeploymentPostprocessing = 0;
			shellPath = /bin/sh;
			shellScript = "diff \"${PODS_PODFILE_DIR_PATH}/Podfile.lock\" \"${PODS_ROOT}/Manifest.lock\" > /dev/null\nif [ $? != 0 ] ; then\n    # print error to STDERR\n    echo \"error: The sandbox is not in sync with the Podfile.lock. Run 'pod install' or update your CocoaPods installation.\" >&2\n    exit 1\nfi\n# This output is used by Xcode 'outputs' to avoid re-running this script phase.\necho \"SUCCESS\" > \"${SCRIPT_OUTPUT_FILE_0}\"\n";
			showEnvVarsInLog = 0;
		};
		FD3CC2621AE26F7675895E45 /* [CP] Embed Pods Frameworks */ = {
			isa = PBXShellScriptBuildPhase;
			buildActionMask = 2147483647;
			files = (
			);
			inputPaths = (
			);
			name = "[CP] Embed Pods Frameworks";
			outputPaths = (
			);
			runOnlyForDeploymentPostprocessing = 0;
			shellPath = /bin/sh;
			shellScript = "\"${SRCROOT}/Pods/Target Support Files/Pods-BowenToolDemo/Pods-BowenToolDemo-frameworks.sh\"\n";
			showEnvVarsInLog = 0;
		};
/* End PBXShellScriptBuildPhase section */

/* Begin PBXSourcesBuildPhase section */
		0E5D9F86203E573D00C41291 /* Sources */ = {
			isa = PBXSourcesBuildPhase;
			buildActionMask = 2147483647;
			files = (
				0EDAAB6D213524FB0039C83E /* NSString+Contains.m in Sources */,
				0EAD7BCA203FB918001FA2E1 /* UITextField+UA.m in Sources */,
				0EDAAB2B2134E9050039C83E /* UITextField+InputLimit.m in Sources */,
				0EDAAB8821363B1A0039C83E /* NSDictionary+URL.m in Sources */,
				0EDAAB192134DCDB0039C83E /* UIImage+Bitmap.m in Sources */,
				0EDAAB492134F5C00039C83E /* UIApplication+APNs.m in Sources */,
				0EDAAB82213639690039C83E /* NSDictionary+Json.m in Sources */,
				0EAD7BAB203FB386001FA2E1 /* NSDictionary+UA.m in Sources */,
				0EAD7BAD203FB386001FA2E1 /* NSString+UA.m in Sources */,
				0EDAAB162134DC380039C83E /* UIImage+UA.m in Sources */,
				0EDAAB4F2134F7480039C83E /* UIControl+Block.m in Sources */,
				0EDAAB282134E80F0039C83E /* UILabel+AutoSize.m in Sources */,
				0EDAAB7F2136390E0039C83E /* NSFileManager+Path.m in Sources */,
				0EDAAB64213523AE0039C83E /* NSObject+Runtime.m in Sources */,
				0EDAAB5B21351F6F0039C83E /* UIColor+UA.m in Sources */,
				0EAD7BA9203FB386001FA2E1 /* NSArray+UA.m in Sources */,
				0E5D9F92203E573D00C41291 /* ViewController.m in Sources */,
				0EDAAB61213522CC0039C83E /* NSObject+Reflection.m in Sources */,
				0EAD7BCD203FB918001FA2E1 /* UIActionSheet+Block.m in Sources */,
				0EDAAB1F2134E1C50039C83E /* UIImage+Orientation.m in Sources */,
				0EDAAB8B21363B4E0039C83E /* NSDictionary+SafeAccess.m in Sources */,
				0EDAAB732135259C0039C83E /* NSString+Emoji.m in Sources */,
				0EAD7BCE203FB918001FA2E1 /* UILabel+UA.m in Sources */,
				0EAD7BCC203FB918001FA2E1 /* UIButton+UA.m in Sources */,
				0EDAAB252134E78E0039C83E /* UIImageView+Reflect.m in Sources */,
				0EDAAB462134F5230039C83E /* UIView+UA.m in Sources */,
				0EDAAB91213644BE0039C83E /* NSString+AES.m in Sources */,
				0EDAAB7C2135311A0039C83E /* NSString+URLEncode.m in Sources */,
				0EDAAB3A2134EC170039C83E /* UIView+Find.m in Sources */,
				0EDAAB8E213644940039C83E /* NSData+AES.m in Sources */,
				0EDAAB6A213524850039C83E /* NSData+Base64.m in Sources */,
				0EDAAB5E213522840039C83E /* NSObject+AppInfo.m in Sources */,
				0EDAAB372134EB790039C83E /* UIView+Border.m in Sources */,
				0EAD7BB6203FB386001FA2E1 /* UANetworking.m in Sources */,
				0EAD7BB2203FB386001FA2E1 /* AESCrypt.m in Sources */,
				0E5D9F9D203E573D00C41291 /* main.m in Sources */,
				0E5D9F8F203E573D00C41291 /* AppDelegate.m in Sources */,
				0EDAAB312134E9BA0039C83E /* UITextView+InputLimit.m in Sources */,
				0EDAAB67213524450039C83E /* NSString+Base64.m in Sources */,
				0EDAAB4C2134F60C0039C83E /* UIButton+BackgroundColor.m in Sources */,
				0EDAAB342134EA3C0039C83E /* UITextView+Select.m in Sources */,
				0EDAAB76213527730039C83E /* NSString+RegEx.m in Sources */,
				0EDAAB1C2134DF8E0039C83E /* UIImage+GIF.m in Sources */,
				0EDAAB79213530860039C83E /* NSString+Size.m in Sources */,
				0EDAAB522134FC2E0039C83E /* UIControl+Sound.m in Sources */,
				0EDAAB2E2134E9810039C83E /* UITextField+Select.m in Sources */,
				0EDAAB85213639960039C83E /* NSDate+Extension.m in Sources */,
				0EAD7BCB203FB918001FA2E1 /* UIAlertView+Block.m in Sources */,
				0EAD7BAC203FB386001FA2E1 /* NSMutableAttributedString+UA.m in Sources */,
				0EDAAB70213525430039C83E /* NSString+Dictionary.m in Sources */,
				0EDAAB3D2134ED2A0039C83E /* UIView+Gesture.m in Sources */,
				0EDAAB5821351F0A0039C83E /* UIDevice+Hardware.m in Sources */,
				0EDAAB222134E7000039C83E /* UIImageView+Addition.m in Sources */,
				0EAD7BAE203FB386001FA2E1 /* NSObject+UA.m in Sources */,
			);
			runOnlyForDeploymentPostprocessing = 0;
		};
/* End PBXSourcesBuildPhase section */

/* Begin PBXVariantGroup section */
		0E5D9F93203E573D00C41291 /* Main.storyboard */ = {
			isa = PBXVariantGroup;
			children = (
				0E5D9F94203E573D00C41291 /* Base */,
			);
			name = Main.storyboard;
			sourceTree = "<group>";
		};
/* End PBXVariantGroup section */

/* Begin XCBuildConfiguration section */
		0E5D9F9E203E573D00C41291 /* Debug */ = {
			isa = XCBuildConfiguration;
			buildSettings = {
				ALWAYS_SEARCH_USER_PATHS = NO;
				CLANG_ANALYZER_NONNULL = YES;
				CLANG_ANALYZER_NUMBER_OBJECT_CONVERSION = YES_AGGRESSIVE;
				CLANG_CXX_LANGUAGE_STANDARD = "gnu++14";
				CLANG_CXX_LIBRARY = "libc++";
				CLANG_ENABLE_MODULES = YES;
				CLANG_ENABLE_OBJC_ARC = YES;
				CLANG_WARN_BLOCK_CAPTURE_AUTORELEASING = YES;
				CLANG_WARN_BOOL_CONVERSION = YES;
				CLANG_WARN_COMMA = YES;
				CLANG_WARN_CONSTANT_CONVERSION = YES;
				CLANG_WARN_DEPRECATED_OBJC_IMPLEMENTATIONS = YES;
				CLANG_WARN_DIRECT_OBJC_ISA_USAGE = YES_ERROR;
				CLANG_WARN_DOCUMENTATION_COMMENTS = YES;
				CLANG_WARN_EMPTY_BODY = YES;
				CLANG_WARN_ENUM_CONVERSION = YES;
				CLANG_WARN_INFINITE_RECURSION = YES;
				CLANG_WARN_INT_CONVERSION = YES;
				CLANG_WARN_NON_LITERAL_NULL_CONVERSION = YES;
				CLANG_WARN_OBJC_IMPLICIT_RETAIN_SELF = YES;
				CLANG_WARN_OBJC_LITERAL_CONVERSION = YES;
				CLANG_WARN_OBJC_ROOT_CLASS = YES_ERROR;
				CLANG_WARN_RANGE_LOOP_ANALYSIS = YES;
				CLANG_WARN_STRICT_PROTOTYPES = YES;
				CLANG_WARN_SUSPICIOUS_MOVE = YES;
				CLANG_WARN_UNGUARDED_AVAILABILITY = YES_AGGRESSIVE;
				CLANG_WARN_UNREACHABLE_CODE = YES;
				CLANG_WARN__DUPLICATE_METHOD_MATCH = YES;
				CODE_SIGN_IDENTITY = "iPhone Developer";
				COPY_PHASE_STRIP = NO;
				DEBUG_INFORMATION_FORMAT = dwarf;
				ENABLE_STRICT_OBJC_MSGSEND = YES;
				ENABLE_TESTABILITY = YES;
				GCC_C_LANGUAGE_STANDARD = gnu11;
				GCC_DYNAMIC_NO_PIC = NO;
				GCC_NO_COMMON_BLOCKS = YES;
				GCC_OPTIMIZATION_LEVEL = 0;
				GCC_PREPROCESSOR_DEFINITIONS = (
					"DEBUG=1",
					"$(inherited)",
				);
				GCC_WARN_64_TO_32_BIT_CONVERSION = YES;
				GCC_WARN_ABOUT_RETURN_TYPE = YES_ERROR;
				GCC_WARN_UNDECLARED_SELECTOR = YES;
				GCC_WARN_UNINITIALIZED_AUTOS = YES_AGGRESSIVE;
				GCC_WARN_UNUSED_FUNCTION = YES;
				GCC_WARN_UNUSED_VARIABLE = YES;
				IPHONEOS_DEPLOYMENT_TARGET = 11.2;
				MTL_ENABLE_DEBUG_INFO = YES;
				ONLY_ACTIVE_ARCH = YES;
				SDKROOT = iphoneos;
			};
			name = Debug;
		};
		0E5D9F9F203E573D00C41291 /* Release */ = {
			isa = XCBuildConfiguration;
			buildSettings = {
				ALWAYS_SEARCH_USER_PATHS = NO;
				CLANG_ANALYZER_NONNULL = YES;
				CLANG_ANALYZER_NUMBER_OBJECT_CONVERSION = YES_AGGRESSIVE;
				CLANG_CXX_LANGUAGE_STANDARD = "gnu++14";
				CLANG_CXX_LIBRARY = "libc++";
				CLANG_ENABLE_MODULES = YES;
				CLANG_ENABLE_OBJC_ARC = YES;
				CLANG_WARN_BLOCK_CAPTURE_AUTORELEASING = YES;
				CLANG_WARN_BOOL_CONVERSION = YES;
				CLANG_WARN_COMMA = YES;
				CLANG_WARN_CONSTANT_CONVERSION = YES;
				CLANG_WARN_DEPRECATED_OBJC_IMPLEMENTATIONS = YES;
				CLANG_WARN_DIRECT_OBJC_ISA_USAGE = YES_ERROR;
				CLANG_WARN_DOCUMENTATION_COMMENTS = YES;
				CLANG_WARN_EMPTY_BODY = YES;
				CLANG_WARN_ENUM_CONVERSION = YES;
				CLANG_WARN_INFINITE_RECURSION = YES;
				CLANG_WARN_INT_CONVERSION = YES;
				CLANG_WARN_NON_LITERAL_NULL_CONVERSION = YES;
				CLANG_WARN_OBJC_IMPLICIT_RETAIN_SELF = YES;
				CLANG_WARN_OBJC_LITERAL_CONVERSION = YES;
				CLANG_WARN_OBJC_ROOT_CLASS = YES_ERROR;
				CLANG_WARN_RANGE_LOOP_ANALYSIS = YES;
				CLANG_WARN_STRICT_PROTOTYPES = YES;
				CLANG_WARN_SUSPICIOUS_MOVE = YES;
				CLANG_WARN_UNGUARDED_AVAILABILITY = YES_AGGRESSIVE;
				CLANG_WARN_UNREACHABLE_CODE = YES;
				CLANG_WARN__DUPLICATE_METHOD_MATCH = YES;
				CODE_SIGN_IDENTITY = "iPhone Developer";
				COPY_PHASE_STRIP = NO;
				DEBUG_INFORMATION_FORMAT = "dwarf-with-dsym";
				ENABLE_NS_ASSERTIONS = NO;
				ENABLE_STRICT_OBJC_MSGSEND = YES;
				GCC_C_LANGUAGE_STANDARD = gnu11;
				GCC_NO_COMMON_BLOCKS = YES;
				GCC_WARN_64_TO_32_BIT_CONVERSION = YES;
				GCC_WARN_ABOUT_RETURN_TYPE = YES_ERROR;
				GCC_WARN_UNDECLARED_SELECTOR = YES;
				GCC_WARN_UNINITIALIZED_AUTOS = YES_AGGRESSIVE;
				GCC_WARN_UNUSED_FUNCTION = YES;
				GCC_WARN_UNUSED_VARIABLE = YES;
				IPHONEOS_DEPLOYMENT_TARGET = 11.2;
				MTL_ENABLE_DEBUG_INFO = NO;
				SDKROOT = iphoneos;
				VALIDATE_PRODUCT = YES;
			};
			name = Release;
		};
		0E5D9FA1203E573D00C41291 /* Debug */ = {
			isa = XCBuildConfiguration;
			baseConfigurationReference = 3F99764F53B521503B0F9728 /* Pods-BowenToolDemo.debug.xcconfig */;
			buildSettings = {
				ASSETCATALOG_COMPILER_APPICON_NAME = AppIcon;
				CODE_SIGN_STYLE = Manual;
				DEVELOPMENT_TEAM = "";
				INFOPLIST_FILE = BowenToolDemo/Info.plist;
				IPHONEOS_DEPLOYMENT_TARGET = 8.0;
				LD_RUNPATH_SEARCH_PATHS = "$(inherited) @executable_path/Frameworks";
				PRODUCT_BUNDLE_IDENTIFIER = SILK.BowenToolDemo;
				PRODUCT_NAME = "$(TARGET_NAME)";
				PROVISIONING_PROFILE_SPECIFIER = "";
				TARGETED_DEVICE_FAMILY = "1,2";
				USER_HEADER_SEARCH_PATHS = "${SRCROOT}/**";
			};
			name = Debug;
		};
		0E5D9FA2203E573D00C41291 /* Release */ = {
			isa = XCBuildConfiguration;
			baseConfigurationReference = 037930013A2FA5B8E7641854 /* Pods-BowenToolDemo.release.xcconfig */;
			buildSettings = {
				ASSETCATALOG_COMPILER_APPICON_NAME = AppIcon;
				CODE_SIGN_STYLE = Manual;
				DEVELOPMENT_TEAM = "";
				INFOPLIST_FILE = BowenToolDemo/Info.plist;
				IPHONEOS_DEPLOYMENT_TARGET = 8.0;
				LD_RUNPATH_SEARCH_PATHS = "$(inherited) @executable_path/Frameworks";
				PRODUCT_BUNDLE_IDENTIFIER = SILK.BowenToolDemo;
				PRODUCT_NAME = "$(TARGET_NAME)";
				PROVISIONING_PROFILE_SPECIFIER = "";
				TARGETED_DEVICE_FAMILY = "1,2";
				USER_HEADER_SEARCH_PATHS = "${SRCROOT}/**";
			};
			name = Release;
		};
/* End XCBuildConfiguration section */

/* Begin XCConfigurationList section */
		0E5D9F85203E573D00C41291 /* Build configuration list for PBXProject "BowenToolDemo" */ = {
			isa = XCConfigurationList;
			buildConfigurations = (
				0E5D9F9E203E573D00C41291 /* Debug */,
				0E5D9F9F203E573D00C41291 /* Release */,
			);
			defaultConfigurationIsVisible = 0;
			defaultConfigurationName = Release;
		};
		0E5D9FA0203E573D00C41291 /* Build configuration list for PBXNativeTarget "BowenToolDemo" */ = {
			isa = XCConfigurationList;
			buildConfigurations = (
				0E5D9FA1203E573D00C41291 /* Debug */,
				0E5D9FA2203E573D00C41291 /* Release */,
			);
			defaultConfigurationIsVisible = 0;
			defaultConfigurationName = Release;
		};
/* End XCConfigurationList section */
	};
	rootObject = 0E5D9F82203E573D00C41291 /* Project object */;
}
